
Microsoft Visual Studio Solution File, Format Version 12.00
Project("{FAE04EC0-301F-11D3-BF4B-00C04F79EFBC}") = "CSharpFileManager", "CSharpFileManager\CSharpFileManager.csproj", "{94FE1422-31C8-4E35-85C0-D011369549CE}"
EndProject
Project("{FAE04EC0-301F-11D3-BF4B-00C04F79EFBC}") = "FileManagerServer", "FileManagerServer\FileManagerServer.csproj", "{F42A59BB-A409-4C3B-B17C-F4D1039B9046}"
EndProject
Global
	GlobalSection(SolutionConfigurationPlatforms) = preSolution
		Debug|Any CPU = Debug|Any CPU
		Release|Any CPU = Release|Any CPU
	EndGlobalSection
	GlobalSection(ProjectConfigurationPlatforms) = postSolution
		{94FE1422-31C8-4E35-85C0-D011369549CE}.Debug|Any CPU.ActiveCfg = Debug|Any CPU
		{94FE1422-31C8-4E35-85C0-D011369549CE}.Debug|Any CPU.Build.0 = Debug|Any CPU
		{94FE1422-31C8-4E35-85C0-D011369549CE}.Release|Any CPU.ActiveCfg = Release|Any CPU
		{94FE1422-31C8-4E35-85C0-D011369549CE}.Release|Any CPU.Build.0 = Release|Any CPU
		{F42A59BB-A409-4C3B-B17C-F4D1039B9046}.Debug|Any CPU.ActiveCfg = Debug|Any CPU
		{F42A59BB-A409-4C3B-B17C-F4D1039B9046}.Debug|Any CPU.Build.0 = Debug|Any CPU
		{F42A59BB-A409-4C3B-B17C-F4D1039B9046}.Release|Any CPU.ActiveCfg = Release|Any CPU
		{F42A59BB-A409-4C3B-B17C-F4D1039B9046}.Release|Any CPU.Build.0 = Release|Any CPU
	EndGlobalSection
EndGlobal
